
Microsoft Visual Studio Solution File, Format Version 12.00
# Visual Studio 15
VisualStudioVersion = 15.0.26403.7
MinimumVisualStudioVersion = 10.0.40219.1
Project("{FAE04EC0-301F-11D3-BF4B-00C04F79EFBC}") = "FishTank", "FishTank\FishTank.csproj", "{E4307C33-9DF4-41EE-8A7E-64E93B5E3C13}"
EndProject
Project("{FAE04EC0-301F-11D3-BF4B-00C04F79EFBC}") = "FishTankConsole", "FishTankConsole\FishTankConsole.csproj", "{42D9CAD4-B82C-408C-ADED-AFADBA98E21A}"
EndProject
Project("{FAE04EC0-301F-11D3-BF4B-00C04F79EFBC}") = "FishTankTests", "FishTankTests\FishTankTests.csproj", "{4E05D606-52DF-491C-9F11-D74E76678022}"
EndProject
Global
	GlobalSection(SolutionConfigurationPlatforms) = preSolution
		Debug|Any CPU = Debug|Any CPU
		Release|Any CPU = Release|Any CPU
	EndGlobalSection
	GlobalSection(ProjectConfigurationPlatforms) = postSolution
		{E4307C33-9DF4-41EE-8A7E-64E93B5E3C13}.Debug|Any CPU.ActiveCfg = Debug|Any CPU
		{E4307C33-9DF4-41EE-8A7E-64E93B5E3C13}.Debug|Any CPU.Build.0 = Debug|Any CPU
		{E4307C33-9DF4-41EE-8A7E-64E93B5E3C13}.Release|Any CPU.ActiveCfg = Release|Any CPU
		{E4307C33-9DF4-41EE-8A7E-64E93B5E3C13}.Release|Any CPU.Build.0 = Release|Any CPU
		{42D9CAD4-B82C-408C-ADED-AFADBA98E21A}.Debug|Any CPU.ActiveCfg = Debug|Any CPU
		{42D9CAD4-B82C-408C-ADED-AFADBA98E21A}.Debug|Any CPU.Build.0 = Debug|Any CPU
		{42D9CAD4-B82C-408C-ADED-AFADBA98E21A}.Release|Any CPU.ActiveCfg = Release|Any CPU
		{42D9CAD4-B82C-408C-ADED-AFADBA98E21A}.Release|Any CPU.Build.0 = Release|Any CPU
		{4E05D606-52DF-491C-9F11-D74E76678022}.Debug|Any CPU.ActiveCfg = Debug|Any CPU
		{4E05D606-52DF-491C-9F11-D74E76678022}.Debug|Any CPU.Build.0 = Debug|Any CPU
		{4E05D606-52DF-491C-9F11-D74E76678022}.Release|Any CPU.ActiveCfg = Release|Any CPU
		{4E05D606-52DF-491C-9F11-D74E76678022}.Release|Any CPU.Build.0 = Release|Any CPU
	EndGlobalSection
	GlobalSection(SolutionProperties) = preSolution
		HideSolutionNode = FALSE
	EndGlobalSection
EndGlobal
